
Microsoft Visual Studio Solution File, Format Version 12.00
# Visual Studio Version 17
VisualStudioVersion = 17.14.35906.104 d17.14
MinimumVisualStudioVersion = 10.0.40219.1
Project("{FAE04EC0-301F-11D3-BF4B-00C04F79EFBC}") = "maze", "maze\maze.csproj", "{F79811E5-7E84-4D42-8873-49A042168FDB}"
EndProject
Global
	GlobalSection(SolutionConfigurationPlatforms) = preSolution
		Debug|Any CPU = Debug|Any CPU
		Release|Any CPU = Release|Any CPU
	EndGlobalSection
	GlobalSection(ProjectConfigurationPlatforms) = postSolution
		{F79811E5-7E84-4D42-8873-49A042168FDB}.Debug|Any CPU.ActiveCfg = Debug|Any CPU
		{F79811E5-7E84-4D42-8873-49A042168FDB}.Debug|Any CPU.Build.0 = Debug|Any CPU
		{F79811E5-7E84-4D42-8873-49A042168FDB}.Release|Any CPU.ActiveCfg = Release|Any CPU
		{F79811E5-7E84-4D42-8873-49A042168FDB}.Release|Any CPU.Build.0 = Release|Any CPU
	EndGlobalSection
	GlobalSection(SolutionProperties) = preSolution
		HideSolutionNode = FALSE
	EndGlobalSection
	GlobalSection(ExtensibilityGlobals) = postSolution
		SolutionGuid = {BEF9360D-F508-4996-9759-46CC557BD941}
	EndGlobalSection
EndGlobal
